
Microsoft Visual Studio Solution File, Format Version 12.00
# Visual Studio 15
VisualStudioVersion = 15.0.28307.572
MinimumVisualStudioVersion = 10.0.40219.1
Project("{FAE04EC0-301F-11D3-BF4B-00C04F79EFBC}") = "Survival_Game_Server", "Survival_Game_Server\Survival_Game_Server.csproj", "{4E5D9717-B533-4AF4-9224-FA6F63EACC2B}"
EndProject
Project("{FAE04EC0-301F-11D3-BF4B-00C04F79EFBC}") = "Server.Shared", "Server.Shared\Server.Shared.csproj", "{4BAE87C8-6AC6-43EA-AFC0-4BEBCE92518E}"
EndProject
Project("{FAE04EC0-301F-11D3-BF4B-00C04F79EFBC}") = "Server", "Server\Server.csproj", "{77471E75-4D7A-486D-B066-96D27E284C55}"
EndProject
Global
	GlobalSection(SolutionConfigurationPlatforms) = preSolution
		Debug|Any CPU = Debug|Any CPU
		Release|Any CPU = Release|Any CPU
	EndGlobalSection
	GlobalSection(ProjectConfigurationPlatforms) = postSolution
		{4E5D9717-B533-4AF4-9224-FA6F63EACC2B}.Debug|Any CPU.ActiveCfg = Debug|Any CPU
		{4E5D9717-B533-4AF4-9224-FA6F63EACC2B}.Debug|Any CPU.Build.0 = Debug|Any CPU
		{4E5D9717-B533-4AF4-9224-FA6F63EACC2B}.Release|Any CPU.ActiveCfg = Release|Any CPU
		{4E5D9717-B533-4AF4-9224-FA6F63EACC2B}.Release|Any CPU.Build.0 = Release|Any CPU
		{4BAE87C8-6AC6-43EA-AFC0-4BEBCE92518E}.Debug|Any CPU.ActiveCfg = Debug|Any CPU
		{4BAE87C8-6AC6-43EA-AFC0-4BEBCE92518E}.Debug|Any CPU.Build.0 = Debug|Any CPU
		{4BAE87C8-6AC6-43EA-AFC0-4BEBCE92518E}.Release|Any CPU.ActiveCfg = Release|Any CPU
		{4BAE87C8-6AC6-43EA-AFC0-4BEBCE92518E}.Release|Any CPU.Build.0 = Release|Any CPU
		{77471E75-4D7A-486D-B066-96D27E284C55}.Debug|Any CPU.ActiveCfg = Debug|Any CPU
		{77471E75-4D7A-486D-B066-96D27E284C55}.Debug|Any CPU.Build.0 = Debug|Any CPU
		{77471E75-4D7A-486D-B066-96D27E284C55}.Release|Any CPU.ActiveCfg = Release|Any CPU
		{77471E75-4D7A-486D-B066-96D27E284C55}.Release|Any CPU.Build.0 = Release|Any CPU
	EndGlobalSection
	GlobalSection(SolutionProperties) = preSolution
		HideSolutionNode = FALSE
	EndGlobalSection
	GlobalSection(ExtensibilityGlobals) = postSolution
		SolutionGuid = {FE18D12A-7CCE-4E0D-BE55-643FDC970891}
	EndGlobalSection
EndGlobal
